FORGE
  remote: http://forge.puppetlabs.com
  specs:
    puppetlabs/stdlib (4.1.0)

GIT
  remote: git://github.com/puppetlabs/puppetlabs-apt.git
  ref: master
  sha: e01bbb61b294be1358b147e8de4966d5f4c6efda
  specs:
    apt (1.1.0)
      puppetlabs/stdlib (>= 2.2.1)

GIT
  remote: git://github.com/puppetlabs/puppetlabs-stdlib.git
  ref: master
  sha: 928c13139ba121ab47f7727af820085ffcea3fa8
  specs:
    stdlib (4.1.0)

DEPENDENCIES
  apt (>= 0)
  stdlib (>= 0)

